
Microsoft Visual Studio Solution File, Format Version 12.00
# Visual Studio 14
VisualStudioVersion = 14.0.25420.1
MinimumVisualStudioVersion = 10.0.40219.1
Project("{FAE04EC0-301F-11D3-BF4B-00C04F79EFBC}") = "Aut", "Aut\Aut.csproj", "{34B6B0D0-04F7-4E82-88B9-8F964AB89898}"
EndProject
Project("{FAE04EC0-301F-11D3-BF4B-00C04F79EFBC}") = "Test", "Test\Test.csproj", "{01984136-A224-4D2C-8881-F2013C3F2E5C}"
EndProject
Global
	GlobalSection(SolutionConfigurationPlatforms) = preSolution
		Debug|Any CPU = Debug|Any CPU
		Release|Any CPU = Release|Any CPU
	EndGlobalSection
	GlobalSection(ProjectConfigurationPlatforms) = postSolution
		{34B6B0D0-04F7-4E82-88B9-8F964AB89898}.Debug|Any CPU.ActiveCfg = Debug|Any CPU
		{34B6B0D0-04F7-4E82-88B9-8F964AB89898}.Debug|Any CPU.Build.0 = Debug|Any CPU
		{34B6B0D0-04F7-4E82-88B9-8F964AB89898}.Release|Any CPU.ActiveCfg = Release|Any CPU
		{34B6B0D0-04F7-4E82-88B9-8F964AB89898}.Release|Any CPU.Build.0 = Release|Any CPU
		{01984136-A224-4D2C-8881-F2013C3F2E5C}.Debug|Any CPU.ActiveCfg = Debug|Any CPU
		{01984136-A224-4D2C-8881-F2013C3F2E5C}.Debug|Any CPU.Build.0 = Debug|Any CPU
		{01984136-A224-4D2C-8881-F2013C3F2E5C}.Release|Any CPU.ActiveCfg = Release|Any CPU
		{01984136-A224-4D2C-8881-F2013C3F2E5C}.Release|Any CPU.Build.0 = Release|Any CPU
	EndGlobalSection
	GlobalSection(SolutionProperties) = preSolution
		HideSolutionNode = FALSE
	EndGlobalSection
EndGlobal
