
Microsoft Visual Studio Solution File, Format Version 12.00
# Visual Studio 14
VisualStudioVersion = 14.0.25420.1
MinimumVisualStudioVersion = 10.0.40219.1
Project("{FAE04EC0-301F-11D3-BF4B-00C04F79EFBC}") = "Aut", "Aut\Aut.csproj", "{34B6B0D0-04F7-4E82-88B9-8F964AB89898}"
EndProject
Project("{FAE04EC0-301F-11D3-BF4B-00C04F79EFBC}") = "Test", "Test\Test.csproj", "{01984136-A224-4D2C-8881-F2013C3F2E5C}"
EndProject
Project("{FAE04EC0-301F-11D3-BF4B-00C04F79EFBC}") = "CalcApp", "CalcApp\CalcApp.csproj", "{090BEC92-B9A3-484B-9B19-26C18FFF90CE}"
EndProject
Project("{FAE04EC0-301F-11D3-BF4B-00C04F79EFBC}") = "CalcAppTest", "CalcAppTest\CalcAppTest.csproj", "{D2CE82F4-9A27-41C3-9F76-08D4D4AF3823}"
EndProject
Project("{FAE04EC0-301F-11D3-BF4B-00C04F79EFBC}") = "Test2", "Test2\Test2.csproj", "{3751EE5A-1525-4B59-BF46-BB7ACCBE5F09}"
EndProject
Project("{2150E333-8FDC-42A3-9474-1A3956D46DE8}") = "Solution Items", "Solution Items", "{8CAAB089-CC18-44B4-8AC5-966A1D9FFF58}"
	ProjectSection(SolutionItems) = preProject
		mytestset.testsettings = mytestset.testsettings
	EndProjectSection
EndProject
Global
	GlobalSection(SolutionConfigurationPlatforms) = preSolution
		Debug|Any CPU = Debug|Any CPU
		Release|Any CPU = Release|Any CPU
	EndGlobalSection
	GlobalSection(ProjectConfigurationPlatforms) = postSolution
		{34B6B0D0-04F7-4E82-88B9-8F964AB89898}.Debug|Any CPU.ActiveCfg = Debug|Any CPU
		{34B6B0D0-04F7-4E82-88B9-8F964AB89898}.Debug|Any CPU.Build.0 = Debug|Any CPU
		{34B6B0D0-04F7-4E82-88B9-8F964AB89898}.Release|Any CPU.ActiveCfg = Release|Any CPU
		{34B6B0D0-04F7-4E82-88B9-8F964AB89898}.Release|Any CPU.Build.0 = Release|Any CPU
		{01984136-A224-4D2C-8881-F2013C3F2E5C}.Debug|Any CPU.ActiveCfg = Debug|Any CPU
		{01984136-A224-4D2C-8881-F2013C3F2E5C}.Debug|Any CPU.Build.0 = Debug|Any CPU
		{01984136-A224-4D2C-8881-F2013C3F2E5C}.Release|Any CPU.ActiveCfg = Release|Any CPU
		{01984136-A224-4D2C-8881-F2013C3F2E5C}.Release|Any CPU.Build.0 = Release|Any CPU
		{090BEC92-B9A3-484B-9B19-26C18FFF90CE}.Debug|Any CPU.ActiveCfg = Debug|Any CPU
		{090BEC92-B9A3-484B-9B19-26C18FFF90CE}.Debug|Any CPU.Build.0 = Debug|Any CPU
		{090BEC92-B9A3-484B-9B19-26C18FFF90CE}.Release|Any CPU.ActiveCfg = Release|Any CPU
		{090BEC92-B9A3-484B-9B19-26C18FFF90CE}.Release|Any CPU.Build.0 = Release|Any CPU
		{D2CE82F4-9A27-41C3-9F76-08D4D4AF3823}.Debug|Any CPU.ActiveCfg = Debug|Any CPU
		{D2CE82F4-9A27-41C3-9F76-08D4D4AF3823}.Debug|Any CPU.Build.0 = Debug|Any CPU
		{D2CE82F4-9A27-41C3-9F76-08D4D4AF3823}.Release|Any CPU.ActiveCfg = Release|Any CPU
		{D2CE82F4-9A27-41C3-9F76-08D4D4AF3823}.Release|Any CPU.Build.0 = Release|Any CPU
		{3751EE5A-1525-4B59-BF46-BB7ACCBE5F09}.Debug|Any CPU.ActiveCfg = Debug|Any CPU
		{3751EE5A-1525-4B59-BF46-BB7ACCBE5F09}.Debug|Any CPU.Build.0 = Debug|Any CPU
		{3751EE5A-1525-4B59-BF46-BB7ACCBE5F09}.Release|Any CPU.ActiveCfg = Release|Any CPU
		{3751EE5A-1525-4B59-BF46-BB7ACCBE5F09}.Release|Any CPU.Build.0 = Release|Any CPU
	EndGlobalSection
	GlobalSection(SolutionProperties) = preSolution
		HideSolutionNode = FALSE
	EndGlobalSection
EndGlobal
